// !$*UTF8*$!
{
	archiveVersion = 1;
	classes = {
	};
	objectVersion = 50;
	objects = {

/* Begin PBXBuildFile section */
		5180AE152210B088001D3199 /* AppDelegate.swift in Sources */ = {isa = PBXBuildFile; fileRef = 5180AE142210B088001D3199 /* AppDelegate.swift */; };
		5180AE172210B088001D3199 /* ViewController.swift in Sources */ = {isa = PBXBuildFile; fileRef = 5180AE162210B088001D3199 /* ViewController.swift */; };
		5180AE1A2210B088001D3199 /* Main.storyboard in Resources */ = {isa = PBXBuildFile; fileRef = 5180AE182210B088001D3199 /* Main.storyboard */; };
		5180AE1C2210B08A001D3199 /* Assets.xcassets in Resources */ = {isa = PBXBuildFile; fileRef = 5180AE1B2210B08A001D3199 /* Assets.xcassets */; };
		5180AE1F2210B08A001D3199 /* LaunchScreen.storyboard in Resources */ = {isa = PBXBuildFile; fileRef = 5180AE1D2210B08A001D3199 /* LaunchScreen.storyboard */; };
		5180AE2A2210B08A001D3199 /* CoordinatorsPatternTests.swift in Sources */ = {isa = PBXBuildFile; fileRef = 5180AE292210B08A001D3199 /* CoordinatorsPatternTests.swift */; };
		5180AE352210B08A001D3199 /* CoordinatorsPatternUITests.swift in Sources */ = {isa = PBXBuildFile; fileRef = 5180AE342210B08A001D3199 /* CoordinatorsPatternUITests.swift */; };
/* End PBXBuildFile section */

/* Begin PBXContainerItemProxy section */
		5180AE262210B08A001D3199 /* PBXContainerItemProxy */ = {
			isa = PBXContainerItemProxy;
			containerPortal = 5180AE092210B088001D3199 /* Project object */;
			proxyType = 1;
			remoteGlobalIDString = 5180AE102210B088001D3199;
			remoteInfo = CoordinatorsPattern;
		};
		5180AE312210B08A001D3199 /* PBXContainerItemProxy */ = {
			isa = PBXContainerItemProxy;
			containerPortal = 5180AE092210B088001D3199 /* Project object */;
			proxyType = 1;
			remoteGlobalIDString = 5180AE102210B088001D3199;
			remoteInfo = CoordinatorsPattern;
		};
/* End PBXContainerItemProxy section */

/* Begin PBXFileReference section */
		5180AE112210B088001D3199 /* CoordinatorsPattern.app */ = {isa = PBXFileReference; explicitFileType = wrapper.application; includeInIndex = 0; path = CoordinatorsPattern.app; sourceTree = BUILT_PRODUCTS_DIR; };
		5180AE142210B088001D3199 /* AppDelegate.swift */ = {isa = PBXFileReference; lastKnownFileType = sourcecode.swift; path = AppDelegate.swift; sourceTree = "<group>"; };
		5180AE162210B088001D3199 /* ViewController.swift */ = {isa = PBXFileReference; lastKnownFileType = sourcecode.swift; path = ViewController.swift; sourceTree = "<group>"; };
		5180AE192210B088001D3199 /* Base */ = {isa = PBXFileReference; lastKnownFileType = file.storyboard; name = Base; path = Base.lproj/Main.storyboard; sourceTree = "<group>"; };
		5180AE1B2210B08A001D3199 /* Assets.xcassets */ = {isa = PBXFileReference; lastKnownFileType = folder.assetcatalog; path = Assets.xcassets; sourceTree = "<group>"; };
		5180AE1E2210B08A001D3199 /* Base */ = {isa = PBXFileReference; lastKnownFileType = file.storyboard; name = Base; path = Base.lproj/LaunchScreen.storyboard; sourceTree = "<group>"; };
		5180AE202210B08A001D3199 /* Info.plist */ = {isa = PBXFileReference; lastKnownFileType = text.plist.xml; path = Info.plist; sourceTree = "<group>"; };
		5180AE252210B08A001D3199 /* CoordinatorsPatternTests.xctest */ = {isa = PBXFileReference; explicitFileType = wrapper.cfbundle; includeInIndex = 0; path = CoordinatorsPatternTests.xctest; sourceTree = BUILT_PRODUCTS_DIR; };
		5180AE292210B08A001D3199 /* CoordinatorsPatternTests.swift */ = {isa = PBXFileReference; lastKnownFileType = sourcecode.swift; path = CoordinatorsPatternTests.swift; sourceTree = "<group>"; };
		5180AE2B2210B08A001D3199 /* Info.plist */ = {isa = PBXFileReference; lastKnownFileType = text.plist.xml; path = Info.plist; sourceTree = "<group>"; };
		5180AE302210B08A001D3199 /* CoordinatorsPatternUITests.xctest */ = {isa = PBXFileReference; explicitFileType = wrapper.cfbundle; includeInIndex = 0; path = CoordinatorsPatternUITests.xctest; sourceTree = BUILT_PRODUCTS_DIR; };
		5180AE342210B08A001D3199 /* CoordinatorsPatternUITests.swift */ = {isa = PBXFileReference; lastKnownFileType = sourcecode.swift; path = CoordinatorsPatternUITests.swift; sourceTree = "<group>"; };
		5180AE362210B08A001D3199 /* Info.plist */ = {isa = PBXFileReference; lastKnownFileType = text.plist.xml; path = Info.plist; sourceTree = "<group>"; };
/* End PBXFileReference section */

/* Begin PBXFrameworksBuildPhase section */
		5180AE0E2210B088001D3199 /* Frameworks */ = {
			isa = PBXFrameworksBuildPhase;
			buildActionMask = 2147483647;
			files = (
			);
			runOnlyForDeploymentPostprocessing = 0;
		};
		5180AE222210B08A001D3199 /* Frameworks */ = {
			isa = PBXFrameworksBuildPhase;
			buildActionMask = 2147483647;
			files = (
			);
			runOnlyForDeploymentPostprocessing = 0;
		};
		5180AE2D2210B08A001D3199 /* Frameworks */ = {
			isa = PBXFrameworksBuildPhase;
			buildActionMask = 2147483647;
			files = (
			);
			runOnlyForDeploymentPostprocessing = 0;
		};
/* End PBXFrameworksBuildPhase section */

/* Begin PBXGroup section */
		5180AE082210B088001D3199 = {
			isa = PBXGroup;
			children = (
				5180AE132210B088001D3199 /* CoordinatorsPattern */,
				5180AE282210B08A001D3199 /* CoordinatorsPatternTests */,
				5180AE332210B08A001D3199 /* CoordinatorsPatternUITests */,
				5180AE122210B088001D3199 /* Products */,
			);
			sourceTree = "<group>";
		};
		5180AE122210B088001D3199 /* Products */ = {
			isa = PBXGroup;
			children = (
				5180AE112210B088001D3199 /* CoordinatorsPattern.app */,
				5180AE252210B08A001D3199 /* CoordinatorsPatternTests.xctest */,
				5180AE302210B08A001D3199 /* CoordinatorsPatternUITests.xctest */,
			);
			name = Products;
			sourceTree = "<group>";
		};
		5180AE132210B088001D3199 /* CoordinatorsPattern */ = {
			isa = PBXGroup;
			children = (
				5180AE142210B088001D3199 /* AppDelegate.swift */,
				5180AE162210B088001D3199 /* ViewController.swift */,
				5180AE182210B088001D3199 /* Main.storyboard */,
				5180AE1B2210B08A001D3199 /* Assets.xcassets */,
				5180AE1D2210B08A001D3199 /* LaunchScreen.storyboard */,
				5180AE202210B08A001D3199 /* Info.plist */,
			);
			path = CoordinatorsPattern;
			sourceTree = "<group>";
		};
		5180AE282210B08A001D3199 /* CoordinatorsPatternTests */ = {
			isa = PBXGroup;
			children = (
				5180AE292210B08A001D3199 /* CoordinatorsPatternTests.swift */,
				5180AE2B2210B08A001D3199 /* Info.plist */,
			);
			path = CoordinatorsPatternTests;
			sourceTree = "<group>";
		};
		5180AE332210B08A001D3199 /* CoordinatorsPatternUITests */ = {
			isa = PBXGroup;
			children = (
				5180AE342210B08A001D3199 /* CoordinatorsPatternUITests.swift */,
				5180AE362210B08A001D3199 /* Info.plist */,
			);
			path = CoordinatorsPatternUITests;
			sourceTree = "<group>";
		};
/* End PBXGroup section */

/* Begin PBXNativeTarget section */
		5180AE102210B088001D3199 /* CoordinatorsPattern */ = {
			isa = PBXNativeTarget;
			buildConfigurationList = 5180AE392210B08A001D3199 /* Build configuration list for PBXNativeTarget "CoordinatorsPattern" */;
			buildPhases = (
				5180AE0D2210B088001D3199 /* Sources */,
				5180AE0E2210B088001D3199 /* Frameworks */,
				5180AE0F2210B088001D3199 /* Resources */,
			);
			buildRules = (
			);
			dependencies = (
			);
			name = CoordinatorsPattern;
			productName = CoordinatorsPattern;
			productReference = 5180AE112210B088001D3199 /* CoordinatorsPattern.app */;
			productType = "com.apple.product-type.application";
		};
		5180AE242210B08A001D3199 /* CoordinatorsPatternTests */ = {
			isa = PBXNativeTarget;
			buildConfigurationList = 5180AE3C2210B08A001D3199 /* Build configuration list for PBXNativeTarget "CoordinatorsPatternTests" */;
			buildPhases = (
				5180AE212210B08A001D3199 /* Sources */,
				5180AE222210B08A001D3199 /* Frameworks */,
				5180AE232210B08A001D3199 /* Resources */,
			);
			buildRules = (
			);
			dependencies = (
				5180AE272210B08A001D3199 /* PBXTargetDependency */,
			);
			name = CoordinatorsPatternTests;
			productName = CoordinatorsPatternTests;
			productReference = 5180AE252210B08A001D3199 /* CoordinatorsPatternTests.xctest */;
			productType = "com.apple.product-type.bundle.unit-test";
		};
		5180AE2F2210B08A001D3199 /* CoordinatorsPatternUITests */ = {
			isa = PBXNativeTarget;
			buildConfigurationList = 5180AE3F2210B08A001D3199 /* Build configuration list for PBXNativeTarget "CoordinatorsPatternUITests" */;
			buildPhases = (
				5180AE2C2210B08A001D3199 /* Sources */,
				5180AE2D2210B08A001D3199 /* Frameworks */,
				5180AE2E2210B08A001D3199 /* Resources */,
			);
			buildRules = (
			);
			dependencies = (
				5180AE322210B08A001D3199 /* PBXTargetDependency */,
			);
			name = CoordinatorsPatternUITests;
			productName = CoordinatorsPatternUITests;
			productReference = 5180AE302210B08A001D3199 /* CoordinatorsPatternUITests.xctest */;
			productType = "com.apple.product-type.bundle.ui-testing";
		};
/* End PBXNativeTarget section */

/* Begin PBXProject section */
		5180AE092210B088001D3199 /* Project object */ = {
			isa = PBXProject;
			attributes = {
				LastSwiftUpdateCheck = 1010;
				LastUpgradeCheck = 1010;
				ORGANIZATIONNAME = "Abhishek Shukla";
				TargetAttributes = {
					5180AE102210B088001D3199 = {
						CreatedOnToolsVersion = 10.1;
					};
					5180AE242210B08A001D3199 = {
						CreatedOnToolsVersion = 10.1;
						TestTargetID = 5180AE102210B088001D3199;
					};
					5180AE2F2210B08A001D3199 = {
						CreatedOnToolsVersion = 10.1;
						TestTargetID = 5180AE102210B088001D3199;
					};
				};
			};
			buildConfigurationList = 5180AE0C2210B088001D3199 /* Build configuration list for PBXProject "CoordinatorsPattern" */;
			compatibilityVersion = "Xcode 9.3";
			developmentRegion = en;
			hasScannedForEncodings = 0;
			knownRegions = (
				en,
				Base,
			);
			mainGroup = 5180AE082210B088001D3199;
			productRefGroup = 5180AE122210B088001D3199 /* Products */;
			projectDirPath = "";
			projectRoot = "";
			targets = (
				5180AE102210B088001D3199 /* CoordinatorsPattern */,
				5180AE242210B08A001D3199 /* CoordinatorsPatternTests */,
				5180AE2F2210B08A001D3199 /* CoordinatorsPatternUITests */,
			);
		};
/* End PBXProject section */

/* Begin PBXResourcesBuildPhase section */
		5180AE0F2210B088001D3199 /* Resources */ = {
			isa = PBXResourcesBuildPhase;
			buildActionMask = 2147483647;
			files = (
				5180AE1F2210B08A001D3199 /* LaunchScreen.storyboard in Resources */,
				5180AE1C2210B08A001D3199 /* Assets.xcassets in Resources */,
				5180AE1A2210B088001D3199 /* Main.storyboard in Resources */,
			);
			runOnlyForDeploymentPostprocessing = 0;
		};
		5180AE232210B08A001D3199 /* Resources */ = {
			isa = PBXResourcesBuildPhase;
			buildActionMask = 2147483647;
			files = (
			);
			runOnlyForDeploymentPostprocessing = 0;
		};
		5180AE2E2210B08A001D3199 /* Resources */ = {
			isa = PBXResourcesBuildPhase;
			buildActionMask = 2147483647;
			files = (
			);
			runOnlyForDeploymentPostprocessing = 0;
		};
/* End PBXResourcesBuildPhase section */

/* Begin PBXSourcesBuildPhase section */
		5180AE0D2210B088001D3199 /* Sources */ = {
			isa = PBXSourcesBuildPhase;
			buildActionMask = 2147483647;
			files = (
				5180AE172210B088001D3199 /* ViewController.swift in Sources */,
				5180AE152210B088001D3199 /* AppDelegate.swift in Sources */,
			);
			runOnlyForDeploymentPostprocessing = 0;
		};
		5180AE212210B08A001D3199 /* Sources */ = {
			isa = PBXSourcesBuildPhase;
			buildActionMask = 2147483647;
			files = (
				5180AE2A2210B08A001D3199 /* CoordinatorsPatternTests.swift in Sources */,
			);
			runOnlyForDeploymentPostprocessing = 0;
		};
		5180AE2C2210B08A001D3199 /* Sources */ = {
			isa = PBXSourcesBuildPhase;
			buildActionMask = 2147483647;
			files = (
				5180AE352210B08A001D3199 /* CoordinatorsPatternUITests.swift in Sources */,
			);
			runOnlyForDeploymentPostprocessing = 0;
		};
/* End PBXSourcesBuildPhase section */

/* Begin PBXTargetDependency section */
		5180AE272210B08A001D3199 /* PBXTargetDependency */ = {
			isa = PBXTargetDependency;
			target = 5180AE102210B088001D3199 /* CoordinatorsPattern */;
			targetProxy = 5180AE262210B08A001D3199 /* PBXContainerItemProxy */;
		};
		5180AE322210B08A001D3199 /* PBXTargetDependency */ = {
			isa = PBXTargetDependency;
			target = 5180AE102210B088001D3199 /* CoordinatorsPattern */;
			targetProxy = 5180AE312210B08A001D3199 /* PBXContainerItemProxy */;
		};
/* End PBXTargetDependency section */

/* Begin PBXVariantGroup section */
		5180AE182210B088001D3199 /* Main.storyboard */ = {
			isa = PBXVariantGroup;
			children = (
				5180AE192210B088001D3199 /* Base */,
			);
			name = Main.storyboard;
			sourceTree = "<group>";
		};
		5180AE1D2210B08A001D3199 /* LaunchScreen.storyboard */ = {
			isa = PBXVariantGroup;
			children = (
				5180AE1E2210B08A001D3199 /* Base */,
			);
			name = LaunchScreen.storyboard;
			sourceTree = "<group>";
		};
/* End PBXVariantGroup section */

/* Begin XCBuildConfiguration section */
		5180AE372210B08A001D3199 /* Debug */ = {
			isa = XCBuildConfiguration;
			buildSettings = {
				ALWAYS_SEARCH_USER_PATHS = NO;
				CLANG_ANALYZER_NONNULL = YES;
				CLANG_ANALYZER_NUMBER_OBJECT_CONVERSION = YES_AGGRESSIVE;
				CLANG_CXX_LANGUAGE_STANDARD = "gnu++14";
				CLANG_CXX_LIBRARY = "libc++";
				CLANG_ENABLE_MODULES = YES;
				CLANG_ENABLE_OBJC_ARC = YES;
				CLANG_ENABLE_OBJC_WEAK = YES;
				CLANG_WARN_BLOCK_CAPTURE_AUTORELEASING = YES;
				CLANG_WARN_BOOL_CONVERSION = YES;
				CLANG_WARN_COMMA = YES;
				CLANG_WARN_CONSTANT_CONVERSION = YES;
				CLANG_WARN_DEPRECATED_OBJC_IMPLEMENTATIONS = YES;
				CLANG_WARN_DIRECT_OBJC_ISA_USAGE = YES_ERROR;
				CLANG_WARN_DOCUMENTATION_COMMENTS = YES;
				CLANG_WARN_EMPTY_BODY = YES;
				CLANG_WARN_ENUM_CONVERSION = YES;
				CLANG_WARN_INFINITE_RECURSION = YES;
				CLANG_WARN_INT_CONVERSION = YES;
				CLANG_WARN_NON_LITERAL_NULL_CONVERSION = YES;
				CLANG_WARN_OBJC_IMPLICIT_RETAIN_SELF = YES;
				CLANG_WARN_OBJC_LITERAL_CONVERSION = YES;
				CLANG_WARN_OBJC_ROOT_CLASS = YES_ERROR;
				CLANG_WARN_RANGE_LOOP_ANALYSIS = YES;
				CLANG_WARN_STRICT_PROTOTYPES = YES;
				CLANG_WARN_SUSPICIOUS_MOVE = YES;
				CLANG_WARN_UNGUARDED_AVAILABILITY = YES_AGGRESSIVE;
				CLANG_WARN_UNREACHABLE_CODE = YES;
				CLANG_WARN__DUPLICATE_METHOD_MATCH = YES;
				CODE_SIGN_IDENTITY = "iPhone Developer";
				COPY_PHASE_STRIP = NO;
				DEBUG_INFORMATION_FORMAT = dwarf;
				ENABLE_STRICT_OBJC_MSGSEND = YES;
				ENABLE_TESTABILITY = YES;
				GCC_C_LANGUAGE_STANDARD = gnu11;
				GCC_DYNAMIC_NO_PIC = NO;
				GCC_NO_COMMON_BLOCKS = YES;
				GCC_OPTIMIZATION_LEVEL = 0;
				GCC_PREPROCESSOR_DEFINITIONS = (
					"DEBUG=1",
					"$(inherited)",
				);
				GCC_WARN_64_TO_32_BIT_CONVERSION = YES;
				GCC_WARN_ABOUT_RETURN_TYPE = YES_ERROR;
				GCC_WARN_UNDECLARED_SELECTOR = YES;
				GCC_WARN_UNINITIALIZED_AUTOS = YES_AGGRESSIVE;
				GCC_WARN_UNUSED_FUNCTION = YES;
				GCC_WARN_UNUSED_VARIABLE = YES;
				IPHONEOS_DEPLOYMENT_TARGET = 12.1;
				MTL_ENABLE_DEBUG_INFO = INCLUDE_SOURCE;
				MTL_FAST_MATH = YES;
				ONLY_ACTIVE_ARCH = YES;
				SDKROOT = iphoneos;
				SWIFT_ACTIVE_COMPILATION_CONDITIONS = DEBUG;
				SWIFT_OPTIMIZATION_LEVEL = "-Onone";
			};
			name = Debug;
		};
		5180AE382210B08A001D3199 /* Release */ = {
			isa = XCBuildConfiguration;
			buildSettings = {
				ALWAYS_SEARCH_USER_PATHS = NO;
				CLANG_ANALYZER_NONNULL = YES;
				CLANG_ANALYZER_NUMBER_OBJECT_CONVERSION = YES_AGGRESSIVE;
				CLANG_CXX_LANGUAGE_STANDARD = "gnu++14";
				CLANG_CXX_LIBRARY = "libc++";
				CLANG_ENABLE_MODULES = YES;
				CLANG_ENABLE_OBJC_ARC = YES;
				CLANG_ENABLE_OBJC_WEAK = YES;
				CLANG_WARN_BLOCK_CAPTURE_AUTORELEASING = YES;
				CLANG_WARN_BOOL_CONVERSION = YES;
				CLANG_WARN_COMMA = YES;
				CLANG_WARN_CONSTANT_CONVERSION = YES;
				CLANG_WARN_DEPRECATED_OBJC_IMPLEMENTATIONS = YES;
				CLANG_WARN_DIRECT_OBJC_ISA_USAGE = YES_ERROR;
				CLANG_WARN_DOCUMENTATION_COMMENTS = YES;
				CLANG_WARN_EMPTY_BODY = YES;
				CLANG_WARN_ENUM_CONVERSION = YES;
				CLANG_WARN_INFINITE_RECURSION = YES;
				CLANG_WARN_INT_CONVERSION = YES;
				CLANG_WARN_NON_LITERAL_NULL_CONVERSION = YES;
				CLANG_WARN_OBJC_IMPLICIT_RETAIN_SELF = YES;
				CLANG_WARN_OBJC_LITERAL_CONVERSION = YES;
				CLANG_WARN_OBJC_ROOT_CLASS = YES_ERROR;
				CLANG_WARN_RANGE_LOOP_ANALYSIS = YES;
				CLANG_WARN_STRICT_PROTOTYPES = YES;
				CLANG_WARN_SUSPICIOUS_MOVE = YES;
				CLANG_WARN_UNGUARDED_AVAILABILITY = YES_AGGRESSIVE;
				CLANG_WARN_UNREACHABLE_CODE = YES;
				CLANG_WARN__DUPLICATE_METHOD_MATCH = YES;
				CODE_SIGN_IDENTITY = "iPhone Developer";
				COPY_PHASE_STRIP = NO;
				DEBUG_INFORMATION_FORMAT = "dwarf-with-dsym";
				ENABLE_NS_ASSERTIONS = NO;
				ENABLE_STRICT_OBJC_MSGSEND = YES;
				GCC_C_LANGUAGE_STANDARD = gnu11;
				GCC_NO_COMMON_BLOCKS = YES;
				GCC_WARN_64_TO_32_BIT_CONVERSION = YES;
				GCC_WARN_ABOUT_RETURN_TYPE = YES_ERROR;
				GCC_WARN_UNDECLARED_SELECTOR = YES;
				GCC_WARN_UNINITIALIZED_AUTOS = YES_AGGRESSIVE;
				GCC_WARN_UNUSED_FUNCTION = YES;
				GCC_WARN_UNUSED_VARIABLE = YES;
				IPHONEOS_DEPLOYMENT_TARGET = 12.1;
				MTL_ENABLE_DEBUG_INFO = NO;
				MTL_FAST_MATH = YES;
				SDKROOT = iphoneos;
				SWIFT_COMPILATION_MODE = wholemodule;
				SWIFT_OPTIMIZATION_LEVEL = "-O";
				VALIDATE_PRODUCT = YES;
			};
			name = Release;
		};
		5180AE3A2210B08A001D3199 /* Debug */ = {
			isa = XCBuildConfiguration;
			buildSettings = {
				ASSETCATALOG_COMPILER_APPICON_NAME = AppIcon;
				CODE_SIGN_STYLE = Automatic;
				INFOPLIST_FILE = CoordinatorsPattern/Info.plist;
				LD_RUNPATH_SEARCH_PATHS = (
					"$(inherited)",
					"@executable_path/Frameworks",
				);
				PRODUCT_BUNDLE_IDENTIFIER = Self.CoordinatorsPattern;
				PRODUCT_NAME = "$(TARGET_NAME)";
				SWIFT_VERSION = 4.2;
				TARGETED_DEVICE_FAMILY = "1,2";
			};
			name = Debug;
		};
		5180AE3B2210B08A001D3199 /* Release */ = {
			isa = XCBuildConfiguration;
			buildSettings = {
				ASSETCATALOG_COMPILER_APPICON_NAME = AppIcon;
				CODE_SIGN_STYLE = Automatic;
				INFOPLIST_FILE = CoordinatorsPattern/Info.plist;
				LD_RUNPATH_SEARCH_PATHS = (
					"$(inherited)",
					"@executable_path/Frameworks",
				);
				PRODUCT_BUNDLE_IDENTIFIER = Self.CoordinatorsPattern;
				PRODUCT_NAME = "$(TARGET_NAME)";
				SWIFT_VERSION = 4.2;
				TARGETED_DEVICE_FAMILY = "1,2";
			};
			name = Release;
		};
		5180AE3D2210B08A001D3199 /* Debug */ = {
			isa = XCBuildConfiguration;
			buildSettings = {
				ALWAYS_EMBED_SWIFT_STANDARD_LIBRARIES = YES;
				BUNDLE_LOADER = "$(TEST_HOST)";
				CODE_SIGN_STYLE = Automatic;
				INFOPLIST_FILE = CoordinatorsPatternTests/Info.plist;
				LD_RUNPATH_SEARCH_PATHS = (
					"$(inherited)",
					"@executable_path/Frameworks",
					"@loader_path/Frameworks",
				);
				PRODUCT_BUNDLE_IDENTIFIER = Self.CoordinatorsPatternTests;
				PRODUCT_NAME = "$(TARGET_NAME)";
				SWIFT_VERSION = 4.2;
				TARGETED_DEVICE_FAMILY = "1,2";
				TEST_HOST = "$(BUILT_PRODUCTS_DIR)/CoordinatorsPattern.app/CoordinatorsPattern";
			};
			name = Debug;
		};
		5180AE3E2210B08A001D3199 /* Release */ = {
			isa = XCBuildConfiguration;
			buildSettings = {
				ALWAYS_EMBED_SWIFT_STANDARD_LIBRARIES = YES;
				BUNDLE_LOADER = "$(TEST_HOST)";
				CODE_SIGN_STYLE = Automatic;
				INFOPLIST_FILE = CoordinatorsPatternTests/Info.plist;
				LD_RUNPATH_SEARCH_PATHS = (
					"$(inherited)",
					"@executable_path/Frameworks",
					"@loader_path/Frameworks",
				);
				PRODUCT_BUNDLE_IDENTIFIER = Self.CoordinatorsPatternTests;
				PRODUCT_NAME = "$(TARGET_NAME)";
				SWIFT_VERSION = 4.2;
				TARGETED_DEVICE_FAMILY = "1,2";
				TEST_HOST = "$(BUILT_PRODUCTS_DIR)/CoordinatorsPattern.app/CoordinatorsPattern";
			};
			name = Release;
		};
		5180AE402210B08A001D3199 /* Debug */ = {
			isa = XCBuildConfiguration;
			buildSettings = {
				ALWAYS_EMBED_SWIFT_STANDARD_LIBRARIES = YES;
				CODE_SIGN_STYLE = Automatic;
				INFOPLIST_FILE = CoordinatorsPatternUITests/Info.plist;
				LD_RUNPATH_SEARCH_PATHS = (
					"$(inherited)",
					"@executable_path/Frameworks",
					"@loader_path/Frameworks",
				);
				PRODUCT_BUNDLE_IDENTIFIER = Self.CoordinatorsPatternUITests;
				PRODUCT_NAME = "$(TARGET_NAME)";
				SWIFT_VERSION = 4.2;
				TARGETED_DEVICE_FAMILY = "1,2";
				TEST_TARGET_NAME = CoordinatorsPattern;
			};
			name = Debug;
		};
		5180AE412210B08A001D3199 /* Release */ = {
			isa = XCBuildConfiguration;
			buildSettings = {
				ALWAYS_EMBED_SWIFT_STANDARD_LIBRARIES = YES;
				CODE_SIGN_STYLE = Automatic;
				INFOPLIST_FILE = CoordinatorsPatternUITests/Info.plist;
				LD_RUNPATH_SEARCH_PATHS = (
					"$(inherited)",
					"@executable_path/Frameworks",
					"@loader_path/Frameworks",
				);
				PRODUCT_BUNDLE_IDENTIFIER = Self.CoordinatorsPatternUITests;
				PRODUCT_NAME = "$(TARGET_NAME)";
				SWIFT_VERSION = 4.2;
				TARGETED_DEVICE_FAMILY = "1,2";
				TEST_TARGET_NAME = CoordinatorsPattern;
			};
			name = Release;
		};
/* End XCBuildConfiguration section */

/* Begin XCConfigurationList section */
		5180AE0C2210B088001D3199 /* Build configuration list for PBXProject "CoordinatorsPattern" */ = {
			isa = XCConfigurationList;
			buildConfigurations = (
				5180AE372210B08A001D3199 /* Debug */,
				5180AE382210B08A001D3199 /* Release */,
			);
			defaultConfigurationIsVisible = 0;
			defaultConfigurationName = Release;
		};
		5180AE392210B08A001D3199 /* Build configuration list for PBXNativeTarget "CoordinatorsPattern" */ = {
			isa = XCConfigurationList;
			buildConfigurations = (
				5180AE3A2210B08A001D3199 /* Debug */,
				5180AE3B2210B08A001D3199 /* Release */,
			);
			defaultConfigurationIsVisible = 0;
			defaultConfigurationName = Release;
		};
		5180AE3C2210B08A001D3199 /* Build configuration list for PBXNativeTarget "CoordinatorsPatternTests" */ = {
			isa = XCConfigurationList;
			buildConfigurations = (
				5180AE3D2210B08A001D3199 /* Debug */,
				5180AE3E2210B08A001D3199 /* Release */,
			);
			defaultConfigurationIsVisible = 0;
			defaultConfigurationName = Release;
		};
		5180AE3F2210B08A001D3199 /* Build configuration list for PBXNativeTarget "CoordinatorsPatternUITests" */ = {
			isa = XCConfigurationList;
			buildConfigurations = (
				5180AE402210B08A001D3199 /* Debug */,
				5180AE412210B08A001D3199 /* Release */,
			);
			defaultConfigurationIsVisible = 0;
			defaultConfigurationName = Release;
		};
/* End XCConfigurationList section */
	};
	rootObject = 5180AE092210B088001D3199 /* Project object */;
}
